// !$*UTF8*$!
{
	archiveVersion = 1;
	classes = {
	};
	objectVersion = 50;
	objects = {

/* Begin PBXBuildFile section */
		0A2261BF217256C500D3ABA1 /* PodcastTableViewCell.swift in Sources */ = {isa = PBXBuildFile; fileRef = 0A2261BD217256C500D3ABA1 /* PodcastTableViewCell.swift */; };
		0A2261C0217256C500D3ABA1 /* PodcastTableViewCell.xib in Resources */ = {isa = PBXBuildFile; fileRef = 0A2261BE217256C500D3ABA1 /* PodcastTableViewCell.xib */; };
		0A2261C621725B2800D3ABA1 /* PodcastDetailsViewController.swift in Sources */ = {isa = PBXBuildFile; fileRef = 0A2261C521725B2800D3ABA1 /* PodcastDetailsViewController.swift */; };
		0A2261C8217263DB00D3ABA1 /* Podcast.swift in Sources */ = {isa = PBXBuildFile; fileRef = 0A2261C7217263DB00D3ABA1 /* Podcast.swift */; };
		0A2261CF217268DA00D3ABA1 /* Feed.swift in Sources */ = {isa = PBXBuildFile; fileRef = 0A2261CE217268DA00D3ABA1 /* Feed.swift */; };
		0A2261D12172691E00D3ABA1 /* PodcastFeed.swift in Sources */ = {isa = PBXBuildFile; fileRef = 0A2261D02172691E00D3ABA1 /* PodcastFeed.swift */; };
		0A2261D32172698200D3ABA1 /* WebService.swift in Sources */ = {isa = PBXBuildFile; fileRef = 0A2261D22172698200D3ABA1 /* WebService.swift */; };
		0A2261D5217269DA00D3ABA1 /* WSError.swift in Sources */ = {isa = PBXBuildFile; fileRef = 0A2261D4217269DA00D3ABA1 /* WSError.swift */; };
		0A2261D7217269EB00D3ABA1 /* WSResult.swift in Sources */ = {isa = PBXBuildFile; fileRef = 0A2261D6217269EB00D3ABA1 /* WSResult.swift */; };
		0A2261DA21726C0A00D3ABA1 /* PodcastList.swift in Sources */ = {isa = PBXBuildFile; fileRef = 0A2261D921726C0A00D3ABA1 /* PodcastList.swift */; };
		0A27CC962172523A002FF211 /* AppDelegate.swift in Sources */ = {isa = PBXBuildFile; fileRef = 0A27CC952172523A002FF211 /* AppDelegate.swift */; };
		0A27CC982172523A002FF211 /* PodcastListTableViewController.swift in Sources */ = {isa = PBXBuildFile; fileRef = 0A27CC972172523A002FF211 /* PodcastListTableViewController.swift */; };
		0A27CC9B2172523A002FF211 /* Main.storyboard in Resources */ = {isa = PBXBuildFile; fileRef = 0A27CC992172523A002FF211 /* Main.storyboard */; };
		0A27CC9D2172523B002FF211 /* Assets.xcassets in Resources */ = {isa = PBXBuildFile; fileRef = 0A27CC9C2172523B002FF211 /* Assets.xcassets */; };
		0A27CCA02172523B002FF211 /* LaunchScreen.storyboard in Resources */ = {isa = PBXBuildFile; fileRef = 0A27CC9E2172523B002FF211 /* LaunchScreen.storyboard */; };
		0AD784192174501C0085DB80 /* PodcastDetailsViewModel.swift in Sources */ = {isa = PBXBuildFile; fileRef = 0AD784182174501C0085DB80 /* PodcastDetailsViewModel.swift */; };
		0AD7841B217453AA0085DB80 /* ImageDownloader.swift in Sources */ = {isa = PBXBuildFile; fileRef = 0AD7841A217453AA0085DB80 /* ImageDownloader.swift */; };
		0AD7841D217464E50085DB80 /* UIViewController+Extensions.swift in Sources */ = {isa = PBXBuildFile; fileRef = 0AD7841C217464E50085DB80 /* UIViewController+Extensions.swift */; };
		0AD7843221746EB70085DB80 /* AuthorPicker.swift in Sources */ = {isa = PBXBuildFile; fileRef = 0AD7843121746EB70085DB80 /* AuthorPicker.swift */; };
		0AD7843D21749CA00085DB80 /* Localizable.strings in Resources */ = {isa = PBXBuildFile; fileRef = 0AD7843F21749CA00085DB80 /* Localizable.strings */; };
		0AD7844221749D270085DB80 /* String+Extensions.swift in Sources */ = {isa = PBXBuildFile; fileRef = 0AD7844121749D270085DB80 /* String+Extensions.swift */; };
		0AE21B82217367EC00584184 /* PodcastViewModel.swift in Sources */ = {isa = PBXBuildFile; fileRef = 0AE21B81217367EC00584184 /* PodcastViewModel.swift */; };
		0AE21B84217368F500584184 /* PodcastListViewModel.swift in Sources */ = {isa = PBXBuildFile; fileRef = 0AE21B83217368F400584184 /* PodcastListViewModel.swift */; };
		0AE21B87217369F500584184 /* TableViewDataSource.swift in Sources */ = {isa = PBXBuildFile; fileRef = 0AE21B86217369F500584184 /* TableViewDataSource.swift */; };
		0AE21B8A21736AEE00584184 /* DataProvider.swift in Sources */ = {isa = PBXBuildFile; fileRef = 0AE21B8921736AEE00584184 /* DataProvider.swift */; };
		0AE21B8D2173A4F400584184 /* UIColor+Extensions.swift in Sources */ = {isa = PBXBuildFile; fileRef = 0AE21B8C2173A4F400584184 /* UIColor+Extensions.swift */; };
/* End PBXBuildFile section */

/* Begin PBXFileReference section */
		0A2261BD217256C500D3ABA1 /* PodcastTableViewCell.swift */ = {isa = PBXFileReference; lastKnownFileType = sourcecode.swift; path = PodcastTableViewCell.swift; sourceTree = "<group>"; };
		0A2261BE217256C500D3ABA1 /* PodcastTableViewCell.xib */ = {isa = PBXFileReference; lastKnownFileType = file.xib; path = PodcastTableViewCell.xib; sourceTree = "<group>"; };
		0A2261C521725B2800D3ABA1 /* PodcastDetailsViewController.swift */ = {isa = PBXFileReference; lastKnownFileType = sourcecode.swift; path = PodcastDetailsViewController.swift; sourceTree = "<group>"; };
		0A2261C7217263DB00D3ABA1 /* Podcast.swift */ = {isa = PBXFileReference; lastKnownFileType = sourcecode.swift; path = Podcast.swift; sourceTree = "<group>"; };
		0A2261CE217268DA00D3ABA1 /* Feed.swift */ = {isa = PBXFileReference; lastKnownFileType = sourcecode.swift; path = Feed.swift; sourceTree = "<group>"; };
		0A2261D02172691E00D3ABA1 /* PodcastFeed.swift */ = {isa = PBXFileReference; lastKnownFileType = sourcecode.swift; path = PodcastFeed.swift; sourceTree = "<group>"; };
		0A2261D22172698200D3ABA1 /* WebService.swift */ = {isa = PBXFileReference; lastKnownFileType = sourcecode.swift; path = WebService.swift; sourceTree = "<group>"; };
		0A2261D4217269DA00D3ABA1 /* WSError.swift */ = {isa = PBXFileReference; lastKnownFileType = sourcecode.swift; path = WSError.swift; sourceTree = "<group>"; };
		0A2261D6217269EB00D3ABA1 /* WSResult.swift */ = {isa = PBXFileReference; lastKnownFileType = sourcecode.swift; path = WSResult.swift; sourceTree = "<group>"; };
		0A2261D921726C0A00D3ABA1 /* PodcastList.swift */ = {isa = PBXFileReference; lastKnownFileType = sourcecode.swift; path = PodcastList.swift; sourceTree = "<group>"; };
		0A27CC922172523A002FF211 /* SkyriseApp.app */ = {isa = PBXFileReference; explicitFileType = wrapper.application; includeInIndex = 0; path = SkyriseApp.app; sourceTree = BUILT_PRODUCTS_DIR; };
		0A27CC952172523A002FF211 /* AppDelegate.swift */ = {isa = PBXFileReference; lastKnownFileType = sourcecode.swift; path = AppDelegate.swift; sourceTree = "<group>"; };
		0A27CC972172523A002FF211 /* PodcastListTableViewController.swift */ = {isa = PBXFileReference; lastKnownFileType = sourcecode.swift; path = PodcastListTableViewController.swift; sourceTree = "<group>"; };
		0A27CC9A2172523A002FF211 /* Base */ = {isa = PBXFileReference; lastKnownFileType = file.storyboard; name = Base; path = Base.lproj/Main.storyboard; sourceTree = "<group>"; };
		0A27CC9C2172523B002FF211 /* Assets.xcassets */ = {isa = PBXFileReference; lastKnownFileType = folder.assetcatalog; path = Assets.xcassets; sourceTree = "<group>"; };
		0A27CC9F2172523B002FF211 /* Base */ = {isa = PBXFileReference; lastKnownFileType = file.storyboard; name = Base; path = Base.lproj/LaunchScreen.storyboard; sourceTree = "<group>"; };
		0A27CCA12172523B002FF211 /* Info.plist */ = {isa = PBXFileReference; lastKnownFileType = text.plist.xml; path = Info.plist; sourceTree = "<group>"; };
		0AD784182174501C0085DB80 /* PodcastDetailsViewModel.swift */ = {isa = PBXFileReference; lastKnownFileType = sourcecode.swift; path = PodcastDetailsViewModel.swift; sourceTree = "<group>"; };
		0AD7841A217453AA0085DB80 /* ImageDownloader.swift */ = {isa = PBXFileReference; lastKnownFileType = sourcecode.swift; path = ImageDownloader.swift; sourceTree = "<group>"; };
		0AD7841C217464E50085DB80 /* UIViewController+Extensions.swift */ = {isa = PBXFileReference; lastKnownFileType = sourcecode.swift; path = "UIViewController+Extensions.swift"; sourceTree = "<group>"; };
		0AD7843121746EB70085DB80 /* AuthorPicker.swift */ = {isa = PBXFileReference; lastKnownFileType = sourcecode.swift; path = AuthorPicker.swift; sourceTree = "<group>"; };
		0AD7843E21749CA00085DB80 /* en */ = {isa = PBXFileReference; lastKnownFileType = text.plist.strings; name = en; path = en.lproj/Localizable.strings; sourceTree = "<group>"; };
		0AD7844021749CA90085DB80 /* pl */ = {isa = PBXFileReference; lastKnownFileType = text.plist.strings; name = pl; path = pl.lproj/Localizable.strings; sourceTree = "<group>"; };
		0AD7844121749D270085DB80 /* String+Extensions.swift */ = {isa = PBXFileReference; lastKnownFileType = sourcecode.swift; path = "String+Extensions.swift"; sourceTree = "<group>"; };
		0AE21B81217367EC00584184 /* PodcastViewModel.swift */ = {isa = PBXFileReference; lastKnownFileType = sourcecode.swift; path = PodcastViewModel.swift; sourceTree = "<group>"; };
		0AE21B83217368F400584184 /* PodcastListViewModel.swift */ = {isa = PBXFileReference; lastKnownFileType = sourcecode.swift; path = PodcastListViewModel.swift; sourceTree = "<group>"; };
		0AE21B86217369F500584184 /* TableViewDataSource.swift */ = {isa = PBXFileReference; lastKnownFileType = sourcecode.swift; path = TableViewDataSource.swift; sourceTree = "<group>"; };
		0AE21B8921736AEE00584184 /* DataProvider.swift */ = {isa = PBXFileReference; lastKnownFileType = sourcecode.swift; path = DataProvider.swift; sourceTree = "<group>"; };
		0AE21B8C2173A4F400584184 /* UIColor+Extensions.swift */ = {isa = PBXFileReference; lastKnownFileType = sourcecode.swift; path = "UIColor+Extensions.swift"; sourceTree = "<group>"; };
/* End PBXFileReference section */

/* Begin PBXFrameworksBuildPhase section */
		0A27CC8F2172523A002FF211 /* Frameworks */ = {
			isa = PBXFrameworksBuildPhase;
			buildActionMask = 2147483647;
			files = (
			);
			runOnlyForDeploymentPostprocessing = 0;
		};
/* End PBXFrameworksBuildPhase section */

/* Begin PBXGroup section */
		0A2261C92172645600D3ABA1 /* Views */ = {
			isa = PBXGroup;
			children = (
				0A2261CA2172645B00D3ABA1 /* ViewControllers */,
				0A2261CB2172646600D3ABA1 /* Cells */,
			);
			path = Views;
			sourceTree = "<group>";
		};
		0A2261CA2172645B00D3ABA1 /* ViewControllers */ = {
			isa = PBXGroup;
			children = (
				0A27CC972172523A002FF211 /* PodcastListTableViewController.swift */,
				0A2261C521725B2800D3ABA1 /* PodcastDetailsViewController.swift */,
			);
			path = ViewControllers;
			sourceTree = "<group>";
		};
		0A2261CB2172646600D3ABA1 /* Cells */ = {
			isa = PBXGroup;
			children = (
				0A2261BD217256C500D3ABA1 /* PodcastTableViewCell.swift */,
				0A2261BE217256C500D3ABA1 /* PodcastTableViewCell.xib */,
			);
			path = Cells;
			sourceTree = "<group>";
		};
		0A2261CC217268C900D3ABA1 /* Networking */ = {
			isa = PBXGroup;
			children = (
				0A2261CD217268D100D3ABA1 /* Feeds */,
				0A2261D22172698200D3ABA1 /* WebService.swift */,
				0A2261D4217269DA00D3ABA1 /* WSError.swift */,
				0A2261D6217269EB00D3ABA1 /* WSResult.swift */,
				0AD7841A217453AA0085DB80 /* ImageDownloader.swift */,
			);
			path = Networking;
			sourceTree = "<group>";
		};
		0A2261CD217268D100D3ABA1 /* Feeds */ = {
			isa = PBXGroup;
			children = (
				0A2261CE217268DA00D3ABA1 /* Feed.swift */,
				0A2261D02172691E00D3ABA1 /* PodcastFeed.swift */,
			);
			path = Feeds;
			sourceTree = "<group>";
		};
		0A2261D821726BF100D3ABA1 /* Models */ = {
			isa = PBXGroup;
			children = (
				0A2261D921726C0A00D3ABA1 /* PodcastList.swift */,
				0A2261C7217263DB00D3ABA1 /* Podcast.swift */,
			);
			path = Models;
			sourceTree = "<group>";
		};
		0A27CC892172523A002FF211 = {
			isa = PBXGroup;
			children = (
				0A27CC942172523A002FF211 /* SkyriseApp */,
				0A27CC932172523A002FF211 /* Products */,
			);
			sourceTree = "<group>";
		};
		0A27CC932172523A002FF211 /* Products */ = {
			isa = PBXGroup;
			children = (
				0A27CC922172523A002FF211 /* SkyriseApp.app */,
			);
			name = Products;
			sourceTree = "<group>";
		};
		0A27CC942172523A002FF211 /* SkyriseApp */ = {
			isa = PBXGroup;
			children = (
				0AE21B8B2173A4E700584184 /* Common */,
				0AE21B8821736ADC00584184 /* DataProvider */,
				0AE21B85217369E800584184 /* DataSource */,
				0AE21B80217367CF00584184 /* ViewModels */,
				0A2261D821726BF100D3ABA1 /* Models */,
				0A2261CC217268C900D3ABA1 /* Networking */,
				0A2261C92172645600D3ABA1 /* Views */,
				0A27CC952172523A002FF211 /* AppDelegate.swift */,
				0A27CC992172523A002FF211 /* Main.storyboard */,
				0A27CC9C2172523B002FF211 /* Assets.xcassets */,
				0A27CC9E2172523B002FF211 /* LaunchScreen.storyboard */,
				0A27CCA12172523B002FF211 /* Info.plist */,
				0AD7843121746EB70085DB80 /* AuthorPicker.swift */,
				0AD7843F21749CA00085DB80 /* Localizable.strings */,
			);
			path = SkyriseApp;
			sourceTree = "<group>";
		};
		0AE21B80217367CF00584184 /* ViewModels */ = {
			isa = PBXGroup;
			children = (
				0AE21B81217367EC00584184 /* PodcastViewModel.swift */,
				0AE21B83217368F400584184 /* PodcastListViewModel.swift */,
				0AD784182174501C0085DB80 /* PodcastDetailsViewModel.swift */,
			);
			path = ViewModels;
			sourceTree = "<group>";
		};
		0AE21B85217369E800584184 /* DataSource */ = {
			isa = PBXGroup;
			children = (
				0AE21B86217369F500584184 /* TableViewDataSource.swift */,
			);
			path = DataSource;
			sourceTree = "<group>";
		};
		0AE21B8821736ADC00584184 /* DataProvider */ = {
			isa = PBXGroup;
			children = (
				0AE21B8921736AEE00584184 /* DataProvider.swift */,
			);
			path = DataProvider;
			sourceTree = "<group>";
		};
		0AE21B8B2173A4E700584184 /* Common */ = {
			isa = PBXGroup;
			children = (
				0AE21B8C2173A4F400584184 /* UIColor+Extensions.swift */,
				0AD7841C217464E50085DB80 /* UIViewController+Extensions.swift */,
				0AD7844121749D270085DB80 /* String+Extensions.swift */,
			);
			path = Common;
			sourceTree = "<group>";
		};
/* End PBXGroup section */

/* Begin PBXNativeTarget section */
		0A27CC912172523A002FF211 /* SkyriseApp */ = {
			isa = PBXNativeTarget;
			buildConfigurationList = 0A27CCA42172523B002FF211 /* Build configuration list for PBXNativeTarget "SkyriseApp" */;
			buildPhases = (
				0A27CC8E2172523A002FF211 /* Sources */,
				0A27CC8F2172523A002FF211 /* Frameworks */,
				0A27CC902172523A002FF211 /* Resources */,
			);
			buildRules = (
			);
			dependencies = (
			);
			name = SkyriseApp;
			productName = SkyriseApp;
			productReference = 0A27CC922172523A002FF211 /* SkyriseApp.app */;
			productType = "com.apple.product-type.application";
		};
/* End PBXNativeTarget section */

/* Begin PBXProject section */
		0A27CC8A2172523A002FF211 /* Project object */ = {
			isa = PBXProject;
			attributes = {
				LastSwiftUpdateCheck = 1000;
				LastUpgradeCheck = 1000;
				ORGANIZATIONNAME = Krygu;
				TargetAttributes = {
					0A27CC912172523A002FF211 = {
						CreatedOnToolsVersion = 10.0;
					};
				};
			};
			buildConfigurationList = 0A27CC8D2172523A002FF211 /* Build configuration list for PBXProject "SkyriseApp" */;
			compatibilityVersion = "Xcode 9.3";
			developmentRegion = en;
			hasScannedForEncodings = 0;
			knownRegions = (
				en,
				Base,
				pl,
			);
			mainGroup = 0A27CC892172523A002FF211;
			productRefGroup = 0A27CC932172523A002FF211 /* Products */;
			projectDirPath = "";
			projectRoot = "";
			targets = (
				0A27CC912172523A002FF211 /* SkyriseApp */,
			);
		};
/* End PBXProject section */

/* Begin PBXResourcesBuildPhase section */
		0A27CC902172523A002FF211 /* Resources */ = {
			isa = PBXResourcesBuildPhase;
			buildActionMask = 2147483647;
			files = (
				0AD7843D21749CA00085DB80 /* Localizable.strings in Resources */,
				0A27CCA02172523B002FF211 /* LaunchScreen.storyboard in Resources */,
				0A27CC9D2172523B002FF211 /* Assets.xcassets in Resources */,
				0A2261C0217256C500D3ABA1 /* PodcastTableViewCell.xib in Resources */,
				0A27CC9B2172523A002FF211 /* Main.storyboard in Resources */,
			);
			runOnlyForDeploymentPostprocessing = 0;
		};
/* End PBXResourcesBuildPhase section */

/* Begin PBXSourcesBuildPhase section */
		0A27CC8E2172523A002FF211 /* Sources */ = {
			isa = PBXSourcesBuildPhase;
			buildActionMask = 2147483647;
			files = (
				0A2261D7217269EB00D3ABA1 /* WSResult.swift in Sources */,
				0AD7844221749D270085DB80 /* String+Extensions.swift in Sources */,
				0A2261D5217269DA00D3ABA1 /* WSError.swift in Sources */,
				0AE21B8A21736AEE00584184 /* DataProvider.swift in Sources */,
				0A27CC982172523A002FF211 /* PodcastListTableViewController.swift in Sources */,
				0A2261CF217268DA00D3ABA1 /* Feed.swift in Sources */,
				0AE21B84217368F500584184 /* PodcastListViewModel.swift in Sources */,
				0AD7843221746EB70085DB80 /* AuthorPicker.swift in Sources */,
				0AD784192174501C0085DB80 /* PodcastDetailsViewModel.swift in Sources */,
				0A2261DA21726C0A00D3ABA1 /* PodcastList.swift in Sources */,
				0AD7841D217464E50085DB80 /* UIViewController+Extensions.swift in Sources */,
				0A2261D32172698200D3ABA1 /* WebService.swift in Sources */,
				0A2261BF217256C500D3ABA1 /* PodcastTableViewCell.swift in Sources */,
				0AE21B82217367EC00584184 /* PodcastViewModel.swift in Sources */,
				0A2261D12172691E00D3ABA1 /* PodcastFeed.swift in Sources */,
				0AE21B8D2173A4F400584184 /* UIColor+Extensions.swift in Sources */,
				0A2261C621725B2800D3ABA1 /* PodcastDetailsViewController.swift in Sources */,
				0A27CC962172523A002FF211 /* AppDelegate.swift in Sources */,
				0AE21B87217369F500584184 /* TableViewDataSource.swift in Sources */,
				0AD7841B217453AA0085DB80 /* ImageDownloader.swift in Sources */,
				0A2261C8217263DB00D3ABA1 /* Podcast.swift in Sources */,
			);
			runOnlyForDeploymentPostprocessing = 0;
		};
/* End PBXSourcesBuildPhase section */

/* Begin PBXVariantGroup section */
		0A27CC992172523A002FF211 /* Main.storyboard */ = {
			isa = PBXVariantGroup;
			children = (
				0A27CC9A2172523A002FF211 /* Base */,
			);
			name = Main.storyboard;
			sourceTree = "<group>";
		};
		0A27CC9E2172523B002FF211 /* LaunchScreen.storyboard */ = {
			isa = PBXVariantGroup;
			children = (
				0A27CC9F2172523B002FF211 /* Base */,
			);
			name = LaunchScreen.storyboard;
			sourceTree = "<group>";
		};
		0AD7843F21749CA00085DB80 /* Localizable.strings */ = {
			isa = PBXVariantGroup;
			children = (
				0AD7843E21749CA00085DB80 /* en */,
				0AD7844021749CA90085DB80 /* pl */,
			);
			name = Localizable.strings;
			sourceTree = "<group>";
		};
/* End PBXVariantGroup section */

/* Begin XCBuildConfiguration section */
		0A27CCA22172523B002FF211 /* Debug */ = {
			isa = XCBuildConfiguration;
			buildSettings = {
				ALWAYS_SEARCH_USER_PATHS = NO;
				CLANG_ANALYZER_LOCALIZABILITY_NONLOCALIZED = YES;
				CLANG_ANALYZER_NONNULL = YES;
				CLANG_ANALYZER_NUMBER_OBJECT_CONVERSION = YES_AGGRESSIVE;
				CLANG_CXX_LANGUAGE_STANDARD = "gnu++14";
				CLANG_CXX_LIBRARY = "libc++";
				CLANG_ENABLE_MODULES = YES;
				CLANG_ENABLE_OBJC_ARC = YES;
				CLANG_ENABLE_OBJC_WEAK = YES;
				CLANG_WARN_BLOCK_CAPTURE_AUTORELEASING = YES;
				CLANG_WARN_BOOL_CONVERSION = YES;
				CLANG_WARN_COMMA = YES;
				CLANG_WARN_CONSTANT_CONVERSION = YES;
				CLANG_WARN_DEPRECATED_OBJC_IMPLEMENTATIONS = YES;
				CLANG_WARN_DIRECT_OBJC_ISA_USAGE = YES_ERROR;
				CLANG_WARN_DOCUMENTATION_COMMENTS = YES;
				CLANG_WARN_EMPTY_BODY = YES;
				CLANG_WARN_ENUM_CONVERSION = YES;
				CLANG_WARN_INFINITE_RECURSION = YES;
				CLANG_WARN_INT_CONVERSION = YES;
				CLANG_WARN_NON_LITERAL_NULL_CONVERSION = YES;
				CLANG_WARN_OBJC_IMPLICIT_RETAIN_SELF = YES;
				CLANG_WARN_OBJC_LITERAL_CONVERSION = YES;
				CLANG_WARN_OBJC_ROOT_CLASS = YES_ERROR;
				CLANG_WARN_RANGE_LOOP_ANALYSIS = YES;
				CLANG_WARN_STRICT_PROTOTYPES = YES;
				CLANG_WARN_SUSPICIOUS_MOVE = YES;
				CLANG_WARN_UNGUARDED_AVAILABILITY = YES_AGGRESSIVE;
				CLANG_WARN_UNREACHABLE_CODE = YES;
				CLANG_WARN__DUPLICATE_METHOD_MATCH = YES;
				CODE_SIGN_IDENTITY = "iPhone Developer";
				COPY_PHASE_STRIP = NO;
				DEBUG_INFORMATION_FORMAT = dwarf;
				ENABLE_STRICT_OBJC_MSGSEND = YES;
				ENABLE_TESTABILITY = YES;
				GCC_C_LANGUAGE_STANDARD = gnu11;
				GCC_DYNAMIC_NO_PIC = NO;
				GCC_NO_COMMON_BLOCKS = YES;
				GCC_OPTIMIZATION_LEVEL = 0;
				GCC_PREPROCESSOR_DEFINITIONS = (
					"DEBUG=1",
					"$(inherited)",
				);
				GCC_WARN_64_TO_32_BIT_CONVERSION = YES;
				GCC_WARN_ABOUT_RETURN_TYPE = YES_ERROR;
				GCC_WARN_UNDECLARED_SELECTOR = YES;
				GCC_WARN_UNINITIALIZED_AUTOS = YES_AGGRESSIVE;
				GCC_WARN_UNUSED_FUNCTION = YES;
				GCC_WARN_UNUSED_VARIABLE = YES;
				IPHONEOS_DEPLOYMENT_TARGET = 12.0;
				MTL_ENABLE_DEBUG_INFO = INCLUDE_SOURCE;
				MTL_FAST_MATH = YES;
				ONLY_ACTIVE_ARCH = YES;
				SDKROOT = iphoneos;
				SWIFT_ACTIVE_COMPILATION_CONDITIONS = DEBUG;
				SWIFT_OPTIMIZATION_LEVEL = "-Onone";
			};
			name = Debug;
		};
		0A27CCA32172523B002FF211 /* Release */ = {
			isa = XCBuildConfiguration;
			buildSettings = {
				ALWAYS_SEARCH_USER_PATHS = NO;
				CLANG_ANALYZER_LOCALIZABILITY_NONLOCALIZED = YES;
				CLANG_ANALYZER_NONNULL = YES;
				CLANG_ANALYZER_NUMBER_OBJECT_CONVERSION = YES_AGGRESSIVE;
				CLANG_CXX_LANGUAGE_STANDARD = "gnu++14";
				CLANG_CXX_LIBRARY = "libc++";
				CLANG_ENABLE_MODULES = YES;
				CLANG_ENABLE_OBJC_ARC = YES;
				CLANG_ENABLE_OBJC_WEAK = YES;
				CLANG_WARN_BLOCK_CAPTURE_AUTORELEASING = YES;
				CLANG_WARN_BOOL_CONVERSION = YES;
				CLANG_WARN_COMMA = YES;
				CLANG_WARN_CONSTANT_CONVERSION = YES;
				CLANG_WARN_DEPRECATED_OBJC_IMPLEMENTATIONS = YES;
				CLANG_WARN_DIRECT_OBJC_ISA_USAGE = YES_ERROR;
				CLANG_WARN_DOCUMENTATION_COMMENTS = YES;
				CLANG_WARN_EMPTY_BODY = YES;
				CLANG_WARN_ENUM_CONVERSION = YES;
				CLANG_WARN_INFINITE_RECURSION = YES;
				CLANG_WARN_INT_CONVERSION = YES;
				CLANG_WARN_NON_LITERAL_NULL_CONVERSION = YES;
				CLANG_WARN_OBJC_IMPLICIT_RETAIN_SELF = YES;
				CLANG_WARN_OBJC_LITERAL_CONVERSION = YES;
				CLANG_WARN_OBJC_ROOT_CLASS = YES_ERROR;
				CLANG_WARN_RANGE_LOOP_ANALYSIS = YES;
				CLANG_WARN_STRICT_PROTOTYPES = YES;
				CLANG_WARN_SUSPICIOUS_MOVE = YES;
				CLANG_WARN_UNGUARDED_AVAILABILITY = YES_AGGRESSIVE;
				CLANG_WARN_UNREACHABLE_CODE = YES;
				CLANG_WARN__DUPLICATE_METHOD_MATCH = YES;
				CODE_SIGN_IDENTITY = "iPhone Developer";
				COPY_PHASE_STRIP = NO;
				DEBUG_INFORMATION_FORMAT = "dwarf-with-dsym";
				ENABLE_NS_ASSERTIONS = NO;
				ENABLE_STRICT_OBJC_MSGSEND = YES;
				GCC_C_LANGUAGE_STANDARD = gnu11;
				GCC_NO_COMMON_BLOCKS = YES;
				GCC_WARN_64_TO_32_BIT_CONVERSION = YES;
				GCC_WARN_ABOUT_RETURN_TYPE = YES_ERROR;
				GCC_WARN_UNDECLARED_SELECTOR = YES;
				GCC_WARN_UNINITIALIZED_AUTOS = YES_AGGRESSIVE;
				GCC_WARN_UNUSED_FUNCTION = YES;
				GCC_WARN_UNUSED_VARIABLE = YES;
				IPHONEOS_DEPLOYMENT_TARGET = 12.0;
				MTL_ENABLE_DEBUG_INFO = NO;
				MTL_FAST_MATH = YES;
				SDKROOT = iphoneos;
				SWIFT_COMPILATION_MODE = wholemodule;
				SWIFT_OPTIMIZATION_LEVEL = "-O";
				VALIDATE_PRODUCT = YES;
			};
			name = Release;
		};
		0A27CCA52172523B002FF211 /* Debug */ = {
			isa = XCBuildConfiguration;
			buildSettings = {
				ASSETCATALOG_COMPILER_APPICON_NAME = AppIcon;
				CODE_SIGN_STYLE = Automatic;
				DEVELOPMENT_TEAM = 3FMVQ97S47;
				INFOPLIST_FILE = SkyriseApp/Info.plist;
				IPHONEOS_DEPLOYMENT_TARGET = 10.0;
				LD_RUNPATH_SEARCH_PATHS = (
					"$(inherited)",
					"@executable_path/Frameworks",
				);
				PRODUCT_BUNDLE_IDENTIFIER = kryg.SkyriseApp;
				PRODUCT_NAME = "$(TARGET_NAME)";
				SWIFT_VERSION = 4.2;
				TARGETED_DEVICE_FAMILY = "1,2";
			};
			name = Debug;
		};
		0A27CCA62172523B002FF211 /* Release */ = {
			isa = XCBuildConfiguration;
			buildSettings = {
				ASSETCATALOG_COMPILER_APPICON_NAME = AppIcon;
				CODE_SIGN_STYLE = Automatic;
				DEVELOPMENT_TEAM = 3FMVQ97S47;
				INFOPLIST_FILE = SkyriseApp/Info.plist;
				IPHONEOS_DEPLOYMENT_TARGET = 10.0;
				LD_RUNPATH_SEARCH_PATHS = (
					"$(inherited)",
					"@executable_path/Frameworks",
				);
				PRODUCT_BUNDLE_IDENTIFIER = kryg.SkyriseApp;
				PRODUCT_NAME = "$(TARGET_NAME)";
				SWIFT_VERSION = 4.2;
				TARGETED_DEVICE_FAMILY = "1,2";
			};
			name = Release;
		};
/* End XCBuildConfiguration section */

/* Begin XCConfigurationList section */
		0A27CC8D2172523A002FF211 /* Build configuration list for PBXProject "SkyriseApp" */ = {
			isa = XCConfigurationList;
			buildConfigurations = (
				0A27CCA22172523B002FF211 /* Debug */,
				0A27CCA32172523B002FF211 /* Release */,
			);
			defaultConfigurationIsVisible = 0;
			defaultConfigurationName = Release;
		};
		0A27CCA42172523B002FF211 /* Build configuration list for PBXNativeTarget "SkyriseApp" */ = {
			isa = XCConfigurationList;
			buildConfigurations = (
				0A27CCA52172523B002FF211 /* Debug */,
				0A27CCA62172523B002FF211 /* Release */,
			);
			defaultConfigurationIsVisible = 0;
			defaultConfigurationName = Release;
		};
/* End XCConfigurationList section */
	};
	rootObject = 0A27CC8A2172523A002FF211 /* Project object */;
}
